{
  "nodes": {
    "nixpkgs": {
      "locked": {
        "lastModified": 1730058355,
        "narHash": "sha256-7W08kOQe16EORAl05cEu/qrR/Lg0dk5yGx6GUKrAZEo=",
        "owner": "nixos",
        "repo": "nixpkgs",
        "rev": "e979914db464806bf71ae24908ddfa5c3caf8cca",
        "type": "github"
      },
      "original": {
        "owner": "nixos",
        "repo": "nixpkgs",
        "type": "github"
      }
    },
    "root": {
      "inputs": {
        "nixpkgs": "nixpkgs"
      }
    }
  },
  "root": "root",
  "version": 7
}
